contract_class,network,deployment_address,source,date
TraderJoeAMMV1,avalanche,0xc0Fd3118c83d316ECdE42ADB9a13fe10B533C283,deploy_002.ts,2023-08-30T13:20:25.232Z
TraderJoeAMMV1,avalanche,0xc0Fd3118c83d316ECdE42ADB9a13fe10B533C283,deploy_002.ts,2023-08-30T13:27:38.163Z
TraderJoeAMMV1,avalanche,0xc0Fd3118c83d316ECdE42ADB9a13fe10B533C283,deploy_002.ts,2023-08-30T13:30:17.450Z
