contract_class,network,deployment_address,source,date
TraderJoeAMMV1,avalanche,0xc0Fd3118c83d316ECdE42ADB9a13fe10B533C283,deploy_002.ts,2023-08-30T13:20:25.232Z
TraderJoeAMMV1,avalanche,0xc0Fd3118c83d316ECdE42ADB9a13fe10B533C283,deploy_002.ts,2023-08-30T13:27:38.163Z
TraderJoeAMMV1,avalanche,0xc0Fd3118c83d316ECdE42ADB9a13fe10B533C283,deploy_002.ts,2023-08-30T13:30:17.450Z
SushiSwapAMM,matic,0x4E36c3f0E87350e8637fe1aBA521191Cc05b3522,deploy_003.ts,2023-09-25T12:04:18.981Z
