contract_class,network,deployment_address,source,date
ControllerXChain,avalanche,0xc3430743b27dc4f498b1F915514191fD28D1E782,deploy_001.ts,2023-11-15T13:04:37.020Z
VaultUniswapV2,avalanche,0x2459E231e657C45144cb00Ed4E2F15C0ed8C8E33,deploy_002.ts,2023-11-15T13:06:06.872Z
ControllerXChain,matic,0x0442835eCF34Bda6A68eb6120D63821f01a6Ff12,deploy_001.ts,2023-11-15T13:07:59.567Z
VaultUniswapV2,matic,0x83750bBBC2C8e2235C9ab3a6aD674fdDb3445886,deploy_002.ts,2023-11-15T13:09:54.351Z
