contract_class,network,deployment_address,source,date
ControllerXChain,avax,0x144B0148b7613D73FE620c1614e7a6af785a9c61,deploy_001.ts,2023-04-08T16:52:07.194Z
ControllerXChain,matic,0xbaa62418679F1433D337414a3144f57908913567,deploy_001.ts,2023-04-09T14:42:00.000Z
TeamWallet,avalanche,0x52a236d6a45984e81340fEa984890B2f83ab659F,deploy_004.ts,2023-04-09T15:37:31.112Z
TeamWallet,matic,0xF9f6C7518dC5aBF20B3C20Bf931FF340a09CE65b,deploy_004.ts,2023-04-09T15:39:18.000ZTraderJoeAMMV1,avalanche,0x65631cD6a7d67D3750733ce41f73Bd335831bc54,deploy_002.ts,2023-08-30T12:37:45.049Z
TraderJoeAMMV1,avalanche,0xC246DB2717c1D97e26BaA00232C53A32381f4FB9,deploy_002.ts,2023-08-30T12:37:45.051Z
TraderJoeAMMV1,avalanche,0xC246DB2717c1D97e26BaA00232C53A32381f4FB9,deploy_002.ts,2023-08-30T13:00:50.135Z
TraderJoeAMMV1,avalanche,0x3a6EDE17Fc0010a5e136Dcc0e2E5d9e17C0dabD6,deploy_002.ts,2023-08-30T13:15:13.060Z
TraderJoeAMMV1,avalanche,0x8Ca1a7D66d5b4307b2eefDee66F25bc1aa9A7754,deploy_002.ts,2023-08-30T13:15:13.062Z
TraderJoeAMMV1,avalanche,0x107BBf586A972229E1Dd0076890B035EB4585EC3,deploy_002.ts,2023-08-30T13:20:25.230Z
TraderJoeAMMV1,avalanche,0xc0Fd3118c83d316ECdE42ADB9a13fe10B533C283,deploy_002.ts,2023-08-30T13:20:25.233Z
TraderJoeAMMV1,avalanche,0xc0Fd3118c83d316ECdE42ADB9a13fe10B533C283,deploy_002.ts,2023-08-30T13:27:38.165Z
TraderJoeAMMV1,avalanche,0xc0Fd3118c83d316ECdE42ADB9a13fe10B533C283,deploy_002.ts,2023-08-30T13:30:17.453Z
ControllerXChain,avalanche,0x4d5a3FD0940194d7CBDE8fE02099845Fd7FCc889,deploy_001.ts,2023-09-21T11:17:52.927Z
ControllerXChain,matic,0x9b703eEDED2D2320ACDEc4BF6C258200976D661E,deploy_001.ts,2023-09-22T11:07:56.373Z
SushiSwapAMM,matic,0x1277679Cb5EB2979B3830E9700A3b0327A09149F,deploy_003.ts,2023-09-25T12:04:18.979Z
SushiSwapAMM,matic,0x4E36c3f0E87350e8637fe1aBA521191Cc05b3522,deploy_003.ts,2023-09-25T12:04:18.982Z
ControllerXChain,avalanche,0x4476171d7A876BBb86c43B9479f917200d3527Dd,deploy_001.ts,2023-09-28T12:06:07.698Z
ControllerXChain,matic,0x5B79B376FA0d0D38594a6b03B554Ca1aB8188696,deploy_001.ts,2023-09-28T12:51:29.864Z
