vault_contract_class,network,protocol,pool,deployment_address,source,date
VaultUniswapV2,VaultUniswapV2,avalanche,UniswapV2,0xFaE44d3d9bcb2c8f35A23349b845971cCD8a951b,deploy_002.ts,2023-11-09T23:14:10.578Z
VaultUniswapV2,VaultUniswapV2,matic,UniswapV2,0x18cc15d53E4ff864222028F7Acde851F0b65B76b,deploy_002.ts,2023-11-09T23:15:34.238Z
