vault_contract_class,network,protocol,pool,deployment_address,source,date
VaultUniswapV2,VaultUniswapV2,avalanche,UniswapV2,0x2459E231e657C45144cb00Ed4E2F15C0ed8C8E33,deploy_002.ts,2023-11-15T13:06:06.867Z
VaultUniswapV2,VaultUniswapV2,matic,UniswapV2,0x83750bBBC2C8e2235C9ab3a6aD674fdDb3445886,deploy_002.ts,2023-11-15T13:09:54.343Z
